
Microsoft Visual Studio Solution File, Format Version 12.00
# Visual Studio Version 16
VisualStudioVersion = 16.0.31402.337
MinimumVisualStudioVersion = 10.0.40219.1
Project("{FAE04EC0-301F-11D3-BF4B-00C04F79EFBC}") = "bz03", "bz03\bz03.csproj", "{EEDECF11-D026-4D7A-9952-1C3FE95C8FE3}"
EndProject
Global
	GlobalSection(SolutionConfigurationPlatforms) = preSolution
		Debug|Any CPU = Debug|Any CPU
		Release|Any CPU = Release|Any CPU
	EndGlobalSection
	GlobalSection(ProjectConfigurationPlatforms) = postSolution
		{EEDECF11-D026-4D7A-9952-1C3FE95C8FE3}.Debug|Any CPU.ActiveCfg = Debug|Any CPU
		{EEDECF11-D026-4D7A-9952-1C3FE95C8FE3}.Debug|Any CPU.Build.0 = Debug|Any CPU
		{EEDECF11-D026-4D7A-9952-1C3FE95C8FE3}.Release|Any CPU.ActiveCfg = Release|Any CPU
		{EEDECF11-D026-4D7A-9952-1C3FE95C8FE3}.Release|Any CPU.Build.0 = Release|Any CPU
	EndGlobalSection
	GlobalSection(SolutionProperties) = preSolution
		HideSolutionNode = FALSE
	EndGlobalSection
	GlobalSection(ExtensibilityGlobals) = postSolution
		SolutionGuid = {41500CED-542B-4110-954B-E949D2C534C6}
	EndGlobalSection
EndGlobal
